// !$*UTF8*$!
{
	archiveVersion = 1;
	classes = {
	};
	objectVersion = 51;
	objects = {

/* Begin PBXBuildFile section */
		164D6CD6E5643DE6123E353A /* Pods_Voice_sns.framework in Frameworks */ = {isa = PBXBuildFile; fileRef = 0E6A2AAA3417A8788CD5ABF0 /* Pods_Voice_sns.framework */; };
		5A0AD78A264770C100624F78 /* AppDelegate.swift in Sources */ = {isa = PBXBuildFile; fileRef = 5A0AD789264770C100624F78 /* AppDelegate.swift */; };
		5A0AD78C264770C100624F78 /* SceneDelegate.swift in Sources */ = {isa = PBXBuildFile; fileRef = 5A0AD78B264770C100624F78 /* SceneDelegate.swift */; };
		5A0AD78E264770C100624F78 /* ViewController.swift in Sources */ = {isa = PBXBuildFile; fileRef = 5A0AD78D264770C100624F78 /* ViewController.swift */; };
		5A0AD791264770C100624F78 /* Main.storyboard in Resources */ = {isa = PBXBuildFile; fileRef = 5A0AD78F264770C100624F78 /* Main.storyboard */; };
		5A0AD793264770C300624F78 /* Assets.xcassets in Resources */ = {isa = PBXBuildFile; fileRef = 5A0AD792264770C300624F78 /* Assets.xcassets */; };
		5A0AD796264770C300624F78 /* LaunchScreen.storyboard in Resources */ = {isa = PBXBuildFile; fileRef = 5A0AD794264770C300624F78 /* LaunchScreen.storyboard */; };
		5A0AD7A1264770C300624F78 /* Voice_snsTests.swift in Sources */ = {isa = PBXBuildFile; fileRef = 5A0AD7A0264770C300624F78 /* Voice_snsTests.swift */; };
		5A0AD7AC264770C300624F78 /* Voice_snsUITests.swift in Sources */ = {isa = PBXBuildFile; fileRef = 5A0AD7AB264770C300624F78 /* Voice_snsUITests.swift */; };
		9A42E9B960786337DE52A298 /* Pods_Voice_sns_Voice_snsUITests.framework in Frameworks */ = {isa = PBXBuildFile; fileRef = 44A8DC804E26379FCD6A6964 /* Pods_Voice_sns_Voice_snsUITests.framework */; };
		ADCD56CCFADD680CFAA4D4E5 /* Pods_Voice_snsTests.framework in Frameworks */ = {isa = PBXBuildFile; fileRef = 2ADC4B9C4F89B1277B692EB9 /* Pods_Voice_snsTests.framework */; };
		DA008DF4265A1D58003EA83B /* Post.swift in Sources */ = {isa = PBXBuildFile; fileRef = DA008DF3265A1D58003EA83B /* Post.swift */; };
		DA008DF6265A1EED003EA83B /* AppUser.swift in Sources */ = {isa = PBXBuildFile; fileRef = DA008DF5265A1EED003EA83B /* AppUser.swift */; };
		DA008DF8265A1F88003EA83B /* TimelineController.swift in Sources */ = {isa = PBXBuildFile; fileRef = DA008DF7265A1F88003EA83B /* TimelineController.swift */; };
		DA008DFA265A202F003EA83B /* AccountViewController.swift in Sources */ = {isa = PBXBuildFile; fileRef = DA008DF9265A202F003EA83B /* AccountViewController.swift */; };
		DA1408DF26B634E800473390 /* image99.png in Resources */ = {isa = PBXBuildFile; fileRef = DA1408DE26B634E800473390 /* image99.png */; };
		DA67B5D0267EDAC4007E2CC5 /* TabViewController.swift in Sources */ = {isa = PBXBuildFile; fileRef = DA67B5CF267EDAC4007E2CC5 /* TabViewController.swift */; };
		DA67B5D2267F0C0F007E2CC5 /* AudioRecoeder.swift in Sources */ = {isa = PBXBuildFile; fileRef = DA67B5D1267F0C0F007E2CC5 /* AudioRecoeder.swift */; };
		DA9D0B29265A00A500B6A5E7 /* GoogleService-Info.plist in Resources */ = {isa = PBXBuildFile; fileRef = DA9D0B28265A00A500B6A5E7 /* GoogleService-Info.plist */; };
		DAA04D46266C5C7B002D6C36 /* AddViewController.swift in Sources */ = {isa = PBXBuildFile; fileRef = DAA04D45266C5C7B002D6C36 /* AddViewController.swift */; };
		DAA04D48266C951A002D6C36 /* SettingsViewController.swift in Sources */ = {isa = PBXBuildFile; fileRef = DAA04D47266C951A002D6C36 /* SettingsViewController.swift */; };
		DAB05C07266C9C60001AFFEF /* SignInViewController.swift in Sources */ = {isa = PBXBuildFile; fileRef = DAB05C06266C9C60001AFFEF /* SignInViewController.swift */; };
		DAD0213E26D1EA4400BD27E3 /* PostCollectionViewCell.swift in Sources */ = {isa = PBXBuildFile; fileRef = DAD0213C26D1EA4400BD27E3 /* PostCollectionViewCell.swift */; };
		DAD0213F26D1EA4400BD27E3 /* PostCollectionViewCell.xib in Resources */ = {isa = PBXBuildFile; fileRef = DAD0213D26D1EA4400BD27E3 /* PostCollectionViewCell.xib */; };
		DAD6142B26A3E52900DF6E8D /* Postcell.swift in Sources */ = {isa = PBXBuildFile; fileRef = DAD6142A26A3E52900DF6E8D /* Postcell.swift */; };
		DAF73E0126F6D99B00D98897 /* profile.swift in Sources */ = {isa = PBXBuildFile; fileRef = DAF73E0026F6D99B00D98897 /* profile.swift */; };
		DAFAB4B02691584A00396741 /* strage.swift in Sources */ = {isa = PBXBuildFile; fileRef = DAFAB4AF2691584A00396741 /* strage.swift */; };
		DAFAB4B22691728600396741 /* 001-sibutomo.mp3 in Resources */ = {isa = PBXBuildFile; fileRef = DAFAB4B12691728600396741 /* 001-sibutomo.mp3 */; };
/* End PBXBuildFile section */

/* Begin PBXContainerItemProxy section */
		5A0AD79D264770C300624F78 /* PBXContainerItemProxy */ = {
			isa = PBXContainerItemProxy;
			containerPortal = 5A0AD77E264770C100624F78 /* Project object */;
			proxyType = 1;
			remoteGlobalIDString = 5A0AD785264770C100624F78;
			remoteInfo = Voice_sns;
		};
		5A0AD7A8264770C300624F78 /* PBXContainerItemProxy */ = {
			isa = PBXContainerItemProxy;
			containerPortal = 5A0AD77E264770C100624F78 /* Project object */;
			proxyType = 1;
			remoteGlobalIDString = 5A0AD785264770C100624F78;
			remoteInfo = Voice_sns;
		};
/* End PBXContainerItemProxy section */

/* Begin PBXFileReference section */
		00B3A50E97329EE637B4D80D /* Pods-Voice_sns.release.xcconfig */ = {isa = PBXFileReference; includeInIndex = 1; lastKnownFileType = text.xcconfig; name = "Pods-Voice_sns.release.xcconfig"; path = "Target Support Files/Pods-Voice_sns/Pods-Voice_sns.release.xcconfig"; sourceTree = "<group>"; };
		0E6A2AAA3417A8788CD5ABF0 /* Pods_Voice_sns.framework */ = {isa = PBXFileReference; explicitFileType = wrapper.framework; includeInIndex = 0; path = Pods_Voice_sns.framework; sourceTree = BUILT_PRODUCTS_DIR; };
		26EF9CFA0CAF00B52D12CA79 /* Pods-Voice_snsTests.debug.xcconfig */ = {isa = PBXFileReference; includeInIndex = 1; lastKnownFileType = text.xcconfig; name = "Pods-Voice_snsTests.debug.xcconfig"; path = "Target Support Files/Pods-Voice_snsTests/Pods-Voice_snsTests.debug.xcconfig"; sourceTree = "<group>"; };
		2ADC4B9C4F89B1277B692EB9 /* Pods_Voice_snsTests.framework */ = {isa = PBXFileReference; explicitFileType = wrapper.framework; includeInIndex = 0; path = Pods_Voice_snsTests.framework; sourceTree = BUILT_PRODUCTS_DIR; };
		44A8DC804E26379FCD6A6964 /* Pods_Voice_sns_Voice_snsUITests.framework */ = {isa = PBXFileReference; explicitFileType = wrapper.framework; includeInIndex = 0; path = Pods_Voice_sns_Voice_snsUITests.framework; sourceTree = BUILT_PRODUCTS_DIR; };
		5A0AD786264770C100624F78 /* Voice_sns.app */ = {isa = PBXFileReference; explicitFileType = wrapper.application; includeInIndex = 0; path = Voice_sns.app; sourceTree = BUILT_PRODUCTS_DIR; };
		5A0AD789264770C100624F78 /* AppDelegate.swift */ = {isa = PBXFileReference; lastKnownFileType = sourcecode.swift; path = AppDelegate.swift; sourceTree = "<group>"; };
		5A0AD78B264770C100624F78 /* SceneDelegate.swift */ = {isa = PBXFileReference; lastKnownFileType = sourcecode.swift; path = SceneDelegate.swift; sourceTree = "<group>"; };
		5A0AD78D264770C100624F78 /* ViewController.swift */ = {isa = PBXFileReference; lastKnownFileType = sourcecode.swift; path = ViewController.swift; sourceTree = "<group>"; };
		5A0AD790264770C100624F78 /* Base */ = {isa = PBXFileReference; lastKnownFileType = file.storyboard; name = Base; path = Base.lproj/Main.storyboard; sourceTree = "<group>"; };
		5A0AD792264770C300624F78 /* Assets.xcassets */ = {isa = PBXFileReference; lastKnownFileType = folder.assetcatalog; path = Assets.xcassets; sourceTree = "<group>"; };
		5A0AD795264770C300624F78 /* Base */ = {isa = PBXFileReference; lastKnownFileType = file.storyboard; name = Base; path = Base.lproj/LaunchScreen.storyboard; sourceTree = "<group>"; };
		5A0AD797264770C300624F78 /* Info.plist */ = {isa = PBXFileReference; lastKnownFileType = text.plist.xml; path = Info.plist; sourceTree = "<group>"; };
		5A0AD79C264770C300624F78 /* Voice_snsTests.xctest */ = {isa = PBXFileReference; explicitFileType = wrapper.cfbundle; includeInIndex = 0; path = Voice_snsTests.xctest; sourceTree = BUILT_PRODUCTS_DIR; };
		5A0AD7A0264770C300624F78 /* Voice_snsTests.swift */ = {isa = PBXFileReference; lastKnownFileType = sourcecode.swift; path = Voice_snsTests.swift; sourceTree = "<group>"; };
		5A0AD7A2264770C300624F78 /* Info.plist */ = {isa = PBXFileReference; lastKnownFileType = text.plist.xml; path = Info.plist; sourceTree = "<group>"; };
		5A0AD7A7264770C300624F78 /* Voice_snsUITests.xctest */ = {isa = PBXFileReference; explicitFileType = wrapper.cfbundle; includeInIndex = 0; path = Voice_snsUITests.xctest; sourceTree = BUILT_PRODUCTS_DIR; };
		5A0AD7AB264770C300624F78 /* Voice_snsUITests.swift */ = {isa = PBXFileReference; lastKnownFileType = sourcecode.swift; path = Voice_snsUITests.swift; sourceTree = "<group>"; };
		5A0AD7AD264770C300624F78 /* Info.plist */ = {isa = PBXFileReference; lastKnownFileType = text.plist.xml; path = Info.plist; sourceTree = "<group>"; };
		6777E1033B987F217307F045 /* Pods-Voice_sns-Voice_snsUITests.debug.xcconfig */ = {isa = PBXFileReference; includeInIndex = 1; lastKnownFileType = text.xcconfig; name = "Pods-Voice_sns-Voice_snsUITests.debug.xcconfig"; path = "Target Support Files/Pods-Voice_sns-Voice_snsUITests/Pods-Voice_sns-Voice_snsUITests.debug.xcconfig"; sourceTree = "<group>"; };
		B4A6B06644D1C9BBEF7C38F0 /* Pods-Voice_sns.debug.xcconfig */ = {isa = PBXFileReference; includeInIndex = 1; lastKnownFileType = text.xcconfig; name = "Pods-Voice_sns.debug.xcconfig"; path = "Target Support Files/Pods-Voice_sns/Pods-Voice_sns.debug.xcconfig"; sourceTree = "<group>"; };
		CFE435EA7405A185A871F1C7 /* Pods-Voice_snsTests.release.xcconfig */ = {isa = PBXFileReference; includeInIndex = 1; lastKnownFileType = text.xcconfig; name = "Pods-Voice_snsTests.release.xcconfig"; path = "Target Support Files/Pods-Voice_snsTests/Pods-Voice_snsTests.release.xcconfig"; sourceTree = "<group>"; };
		D6082617D9B290917432696A /* Pods-Voice_sns-Voice_snsUITests.release.xcconfig */ = {isa = PBXFileReference; includeInIndex = 1; lastKnownFileType = text.xcconfig; name = "Pods-Voice_sns-Voice_snsUITests.release.xcconfig"; path = "Target Support Files/Pods-Voice_sns-Voice_snsUITests/Pods-Voice_sns-Voice_snsUITests.release.xcconfig"; sourceTree = "<group>"; };
		DA008DF3265A1D58003EA83B /* Post.swift */ = {isa = PBXFileReference; lastKnownFileType = sourcecode.swift; path = Post.swift; sourceTree = "<group>"; };
		DA008DF5265A1EED003EA83B /* AppUser.swift */ = {isa = PBXFileReference; lastKnownFileType = sourcecode.swift; path = AppUser.swift; sourceTree = "<group>"; };
		DA008DF7265A1F88003EA83B /* TimelineController.swift */ = {isa = PBXFileReference; lastKnownFileType = sourcecode.swift; path = TimelineController.swift; sourceTree = "<group>"; };
		DA008DF9265A202F003EA83B /* AccountViewController.swift */ = {isa = PBXFileReference; lastKnownFileType = sourcecode.swift; path = AccountViewController.swift; sourceTree = "<group>"; };
		DA1408DE26B634E800473390 /* image99.png */ = {isa = PBXFileReference; lastKnownFileType = image.png; name = image99.png; path = "../../../Library/Mobile Documents/com~apple~CloudDocs/Desktop/Quiz/優大/ああ/takedarui/takedarui/image99.png"; sourceTree = "<group>"; };
		DA67B5CF267EDAC4007E2CC5 /* TabViewController.swift */ = {isa = PBXFileReference; lastKnownFileType = sourcecode.swift; path = TabViewController.swift; sourceTree = "<group>"; };
		DA67B5D1267F0C0F007E2CC5 /* AudioRecoeder.swift */ = {isa = PBXFileReference; lastKnownFileType = sourcecode.swift; path = AudioRecoeder.swift; sourceTree = "<group>"; };
		DA9D0B28265A00A500B6A5E7 /* GoogleService-Info.plist */ = {isa = PBXFileReference; fileEncoding = 4; lastKnownFileType = text.plist.xml; name = "GoogleService-Info.plist"; path = "../../../Downloads/GoogleService-Info.plist"; sourceTree = "<group>"; };
		DAA04D45266C5C7B002D6C36 /* AddViewController.swift */ = {isa = PBXFileReference; lastKnownFileType = sourcecode.swift; path = AddViewController.swift; sourceTree = "<group>"; };
		DAA04D47266C951A002D6C36 /* SettingsViewController.swift */ = {isa = PBXFileReference; lastKnownFileType = sourcecode.swift; path = SettingsViewController.swift; sourceTree = "<group>"; };
		DAB05C06266C9C60001AFFEF /* SignInViewController.swift */ = {isa = PBXFileReference; lastKnownFileType = sourcecode.swift; path = SignInViewController.swift; sourceTree = "<group>"; };
		DAD0213C26D1EA4400BD27E3 /* PostCollectionViewCell.swift */ = {isa = PBXFileReference; lastKnownFileType = sourcecode.swift; path = PostCollectionViewCell.swift; sourceTree = "<group>"; };
		DAD0213D26D1EA4400BD27E3 /* PostCollectionViewCell.xib */ = {isa = PBXFileReference; lastKnownFileType = file.xib; path = PostCollectionViewCell.xib; sourceTree = "<group>"; };
		DAD6142A26A3E52900DF6E8D /* Postcell.swift */ = {isa = PBXFileReference; lastKnownFileType = sourcecode.swift; path = Postcell.swift; sourceTree = "<group>"; };
		DAF73E0026F6D99B00D98897 /* profile.swift */ = {isa = PBXFileReference; lastKnownFileType = sourcecode.swift; path = profile.swift; sourceTree = "<group>"; };
		DAFAB4AF2691584A00396741 /* strage.swift */ = {isa = PBXFileReference; lastKnownFileType = sourcecode.swift; path = strage.swift; sourceTree = "<group>"; };
		DAFAB4B12691728600396741 /* 001-sibutomo.mp3 */ = {isa = PBXFileReference; lastKnownFileType = audio.mp3; name = "001-sibutomo.mp3"; path = "../../../Downloads/001-sibutomo.mp3"; sourceTree = "<group>"; };
/* End PBXFileReference section */

/* Begin PBXFrameworksBuildPhase section */
		5A0AD783264770C100624F78 /* Frameworks */ = {
			isa = PBXFrameworksBuildPhase;
			buildActionMask = 2147483647;
			files = (
				164D6CD6E5643DE6123E353A /* Pods_Voice_sns.framework in Frameworks */,
			);
			runOnlyForDeploymentPostprocessing = 0;
		};
		5A0AD799264770C300624F78 /* Frameworks */ = {
			isa = PBXFrameworksBuildPhase;
			buildActionMask = 2147483647;
			files = (
				ADCD56CCFADD680CFAA4D4E5 /* Pods_Voice_snsTests.framework in Frameworks */,
			);
			runOnlyForDeploymentPostprocessing = 0;
		};
		5A0AD7A4264770C300624F78 /* Frameworks */ = {
			isa = PBXFrameworksBuildPhase;
			buildActionMask = 2147483647;
			files = (
				9A42E9B960786337DE52A298 /* Pods_Voice_sns_Voice_snsUITests.framework in Frameworks */,
			);
			runOnlyForDeploymentPostprocessing = 0;
		};
/* End PBXFrameworksBuildPhase section */

/* Begin PBXGroup section */
		46660A36D92CE38B3C4D609D /* Frameworks */ = {
			isa = PBXGroup;
			children = (
				0E6A2AAA3417A8788CD5ABF0 /* Pods_Voice_sns.framework */,
				44A8DC804E26379FCD6A6964 /* Pods_Voice_sns_Voice_snsUITests.framework */,
				2ADC4B9C4F89B1277B692EB9 /* Pods_Voice_snsTests.framework */,
			);
			name = Frameworks;
			sourceTree = "<group>";
		};
		5A0AD77D264770C100624F78 = {
			isa = PBXGroup;
			children = (
				5A0AD788264770C100624F78 /* Voice_sns */,
				5A0AD79F264770C300624F78 /* Voice_snsTests */,
				5A0AD7AA264770C300624F78 /* Voice_snsUITests */,
				5A0AD787264770C100624F78 /* Products */,
				9F4546E3A409C0A519F8FDBF /* Pods */,
				46660A36D92CE38B3C4D609D /* Frameworks */,
			);
			sourceTree = "<group>";
		};
		5A0AD787264770C100624F78 /* Products */ = {
			isa = PBXGroup;
			children = (
				5A0AD786264770C100624F78 /* Voice_sns.app */,
				5A0AD79C264770C300624F78 /* Voice_snsTests.xctest */,
				5A0AD7A7264770C300624F78 /* Voice_snsUITests.xctest */,
			);
			name = Products;
			sourceTree = "<group>";
		};
		5A0AD788264770C100624F78 /* Voice_sns */ = {
			isa = PBXGroup;
			children = (
				5A0AD789264770C100624F78 /* AppDelegate.swift */,
				5A0AD78B264770C100624F78 /* SceneDelegate.swift */,
				5A0AD78D264770C100624F78 /* ViewController.swift */,
				5A0AD78F264770C100624F78 /* Main.storyboard */,
				5A0AD792264770C300624F78 /* Assets.xcassets */,
				5A0AD794264770C300624F78 /* LaunchScreen.storyboard */,
				5A0AD797264770C300624F78 /* Info.plist */,
				DA9D0B28265A00A500B6A5E7 /* GoogleService-Info.plist */,
				DA008DF3265A1D58003EA83B /* Post.swift */,
				DA008DF5265A1EED003EA83B /* AppUser.swift */,
				DA008DF7265A1F88003EA83B /* TimelineController.swift */,
				DA1408DE26B634E800473390 /* image99.png */,
				DA008DF9265A202F003EA83B /* AccountViewController.swift */,
				DAA04D45266C5C7B002D6C36 /* AddViewController.swift */,
				DAA04D47266C951A002D6C36 /* SettingsViewController.swift */,
				DAB05C06266C9C60001AFFEF /* SignInViewController.swift */,
				DA67B5CF267EDAC4007E2CC5 /* TabViewController.swift */,
				DAFAB4B12691728600396741 /* 001-sibutomo.mp3 */,
				DA67B5D1267F0C0F007E2CC5 /* AudioRecoeder.swift */,
				DAFAB4AF2691584A00396741 /* strage.swift */,
				DAD6142A26A3E52900DF6E8D /* Postcell.swift */,
				DAD0213C26D1EA4400BD27E3 /* PostCollectionViewCell.swift */,
				DAD0213D26D1EA4400BD27E3 /* PostCollectionViewCell.xib */,
				DAF73E0026F6D99B00D98897 /* profile.swift */,
			);
			path = Voice_sns;
			sourceTree = "<group>";
		};
		5A0AD79F264770C300624F78 /* Voice_snsTests */ = {
			isa = PBXGroup;
			children = (
				5A0AD7A0264770C300624F78 /* Voice_snsTests.swift */,
				5A0AD7A2264770C300624F78 /* Info.plist */,
			);
			path = Voice_snsTests;
			sourceTree = "<group>";
		};
		5A0AD7AA264770C300624F78 /* Voice_snsUITests */ = {
			isa = PBXGroup;
			children = (
				5A0AD7AB264770C300624F78 /* Voice_snsUITests.swift */,
				5A0AD7AD264770C300624F78 /* Info.plist */,
			);
			path = Voice_snsUITests;
			sourceTree = "<group>";
		};
		9F4546E3A409C0A519F8FDBF /* Pods */ = {
			isa = PBXGroup;
			children = (
				B4A6B06644D1C9BBEF7C38F0 /* Pods-Voice_sns.debug.xcconfig */,
				00B3A50E97329EE637B4D80D /* Pods-Voice_sns.release.xcconfig */,
				6777E1033B987F217307F045 /* Pods-Voice_sns-Voice_snsUITests.debug.xcconfig */,
				D6082617D9B290917432696A /* Pods-Voice_sns-Voice_snsUITests.release.xcconfig */,
				26EF9CFA0CAF00B52D12CA79 /* Pods-Voice_snsTests.debug.xcconfig */,
				CFE435EA7405A185A871F1C7 /* Pods-Voice_snsTests.release.xcconfig */,
			);
			path = Pods;
			sourceTree = "<group>";
		};
/* End PBXGroup section */

/* Begin PBXNativeTarget section */
		5A0AD785264770C100624F78 /* Voice_sns */ = {
			isa = PBXNativeTarget;
			buildConfigurationList = 5A0AD7B0264770C300624F78 /* Build configuration list for PBXNativeTarget "Voice_sns" */;
			buildPhases = (
				EF51D54A1BB3E450DB7024CD /* [CP] Check Pods Manifest.lock */,
				5A0AD782264770C100624F78 /* Sources */,
				5A0AD783264770C100624F78 /* Frameworks */,
				5A0AD784264770C100624F78 /* Resources */,
				FBABFF9563D70E576ADEBE62 /* [CP] Embed Pods Frameworks */,
			);
			buildRules = (
			);
			dependencies = (
			);
			name = Voice_sns;
			productName = Voice_sns;
			productReference = 5A0AD786264770C100624F78 /* Voice_sns.app */;
			productType = "com.apple.product-type.application";
		};
		5A0AD79B264770C300624F78 /* Voice_snsTests */ = {
			isa = PBXNativeTarget;
			buildConfigurationList = 5A0AD7B3264770C300624F78 /* Build configuration list for PBXNativeTarget "Voice_snsTests" */;
			buildPhases = (
				A7418105A4B1B8FDC7B7BA2A /* [CP] Check Pods Manifest.lock */,
				5A0AD798264770C300624F78 /* Sources */,
				5A0AD799264770C300624F78 /* Frameworks */,
				5A0AD79A264770C300624F78 /* Resources */,
			);
			buildRules = (
			);
			dependencies = (
				5A0AD79E264770C300624F78 /* PBXTargetDependency */,
			);
			name = Voice_snsTests;
			productName = Voice_snsTests;
			productReference = 5A0AD79C264770C300624F78 /* Voice_snsTests.xctest */;
			productType = "com.apple.product-type.bundle.unit-test";
		};
		5A0AD7A6264770C300624F78 /* Voice_snsUITests */ = {
			isa = PBXNativeTarget;
			buildConfigurationList = 5A0AD7B6264770C300624F78 /* Build configuration list for PBXNativeTarget "Voice_snsUITests" */;
			buildPhases = (
				35F46CFD8E3DD623585220BC /* [CP] Check Pods Manifest.lock */,
				5A0AD7A3264770C300624F78 /* Sources */,
				5A0AD7A4264770C300624F78 /* Frameworks */,
				5A0AD7A5264770C300624F78 /* Resources */,
				C9D26B829093ABF73FB53146 /* [CP] Embed Pods Frameworks */,
			);
			buildRules = (
			);
			dependencies = (
				5A0AD7A9264770C300624F78 /* PBXTargetDependency */,
			);
			name = Voice_snsUITests;
			productName = Voice_snsUITests;
			productReference = 5A0AD7A7264770C300624F78 /* Voice_snsUITests.xctest */;
			productType = "com.apple.product-type.bundle.ui-testing";
		};
/* End PBXNativeTarget section */

/* Begin PBXProject section */
		5A0AD77E264770C100624F78 /* Project object */ = {
			isa = PBXProject;
			attributes = {
				LastSwiftUpdateCheck = 1240;
				LastUpgradeCheck = 1240;
				TargetAttributes = {
					5A0AD785264770C100624F78 = {
						CreatedOnToolsVersion = 12.4;
					};
					5A0AD79B264770C300624F78 = {
						CreatedOnToolsVersion = 12.4;
						TestTargetID = 5A0AD785264770C100624F78;
					};
					5A0AD7A6264770C300624F78 = {
						CreatedOnToolsVersion = 12.4;
						TestTargetID = 5A0AD785264770C100624F78;
					};
				};
			};
			buildConfigurationList = 5A0AD781264770C100624F78 /* Build configuration list for PBXProject "Voice_sns" */;
			compatibilityVersion = "Xcode 9.3";
			developmentRegion = en;
			hasScannedForEncodings = 0;
			knownRegions = (
				en,
				Base,
			);
			mainGroup = 5A0AD77D264770C100624F78;
			productRefGroup = 5A0AD787264770C100624F78 /* Products */;
			projectDirPath = "";
			projectRoot = "";
			targets = (
				5A0AD785264770C100624F78 /* Voice_sns */,
				5A0AD79B264770C300624F78 /* Voice_snsTests */,
				5A0AD7A6264770C300624F78 /* Voice_snsUITests */,
			);
		};
/* End PBXProject section */

/* Begin PBXResourcesBuildPhase section */
		5A0AD784264770C100624F78 /* Resources */ = {
			isa = PBXResourcesBuildPhase;
			buildActionMask = 2147483647;
			files = (
				DAD0213F26D1EA4400BD27E3 /* PostCollectionViewCell.xib in Resources */,
				DAFAB4B22691728600396741 /* 001-sibutomo.mp3 in Resources */,
				5A0AD796264770C300624F78 /* LaunchScreen.storyboard in Resources */,
				DA9D0B29265A00A500B6A5E7 /* GoogleService-Info.plist in Resources */,
				5A0AD793264770C300624F78 /* Assets.xcassets in Resources */,
				5A0AD791264770C100624F78 /* Main.storyboard in Resources */,
				DA1408DF26B634E800473390 /* image99.png in Resources */,
			);
			runOnlyForDeploymentPostprocessing = 0;
		};
		5A0AD79A264770C300624F78 /* Resources */ = {
			isa = PBXResourcesBuildPhase;
			buildActionMask = 2147483647;
			files = (
			);
			runOnlyForDeploymentPostprocessing = 0;
		};
		5A0AD7A5264770C300624F78 /* Resources */ = {
			isa = PBXResourcesBuildPhase;
			buildActionMask = 2147483647;
			files = (
			);
			runOnlyForDeploymentPostprocessing = 0;
		};
/* End PBXResourcesBuildPhase section */

/* Begin PBXShellScriptBuildPhase section */
		35F46CFD8E3DD623585220BC /* [CP] Check Pods Manifest.lock */ = {
			isa = PBXShellScriptBuildPhase;
			buildActionMask = 2147483647;
			files = (
			);
			inputFileListPaths = (
			);
			inputPaths = (
				"${PODS_PODFILE_DIR_PATH}/Podfile.lock",
				"${PODS_ROOT}/Manifest.lock",
			);
			name = "[CP] Check Pods Manifest.lock";
			outputFileListPaths = (
			);
			outputPaths = (
				"$(DERIVED_FILE_DIR)/Pods-Voice_sns-Voice_snsUITests-checkManifestLockResult.txt",
			);
			runOnlyForDeploymentPostprocessing = 0;
			shellPath = /bin/sh;
			shellScript = "diff \"${PODS_PODFILE_DIR_PATH}/Podfile.lock\" \"${PODS_ROOT}/Manifest.lock\" > /dev/null\nif [ $? != 0 ] ; then\n    # print error to STDERR\n    echo \"error: The sandbox is not in sync with the Podfile.lock. Run 'pod install' or update your CocoaPods installation.\" >&2\n    exit 1\nfi\n# This output is used by Xcode 'outputs' to avoid re-running this script phase.\necho \"SUCCESS\" > \"${SCRIPT_OUTPUT_FILE_0}\"\n";
			showEnvVarsInLog = 0;
		};
		A7418105A4B1B8FDC7B7BA2A /* [CP] Check Pods Manifest.lock */ = {
			isa = PBXShellScriptBuildPhase;
			buildActionMask = 2147483647;
			files = (
			);
			inputFileListPaths = (
			);
			inputPaths = (
				"${PODS_PODFILE_DIR_PATH}/Podfile.lock",
				"${PODS_ROOT}/Manifest.lock",
			);
			name = "[CP] Check Pods Manifest.lock";
			outputFileListPaths = (
			);
			outputPaths = (
				"$(DERIVED_FILE_DIR)/Pods-Voice_snsTests-checkManifestLockResult.txt",
			);
			runOnlyForDeploymentPostprocessing = 0;
			shellPath = /bin/sh;
			shellScript = "diff \"${PODS_PODFILE_DIR_PATH}/Podfile.lock\" \"${PODS_ROOT}/Manifest.lock\" > /dev/null\nif [ $? != 0 ] ; then\n    # print error to STDERR\n    echo \"error: The sandbox is not in sync with the Podfile.lock. Run 'pod install' or update your CocoaPods installation.\" >&2\n    exit 1\nfi\n# This output is used by Xcode 'outputs' to avoid re-running this script phase.\necho \"SUCCESS\" > \"${SCRIPT_OUTPUT_FILE_0}\"\n";
			showEnvVarsInLog = 0;
		};
		C9D26B829093ABF73FB53146 /* [CP] Embed Pods Frameworks */ = {
			isa = PBXShellScriptBuildPhase;
			buildActionMask = 2147483647;
			files = (
			);
			inputFileListPaths = (
				"${PODS_ROOT}/Target Support Files/Pods-Voice_sns-Voice_snsUITests/Pods-Voice_sns-Voice_snsUITests-frameworks-${CONFIGURATION}-input-files.xcfilelist",
			);
			name = "[CP] Embed Pods Frameworks";
			outputFileListPaths = (
				"${PODS_ROOT}/Target Support Files/Pods-Voice_sns-Voice_snsUITests/Pods-Voice_sns-Voice_snsUITests-frameworks-${CONFIGURATION}-output-files.xcfilelist",
			);
			runOnlyForDeploymentPostprocessing = 0;
			shellPath = /bin/sh;
			shellScript = "\"${PODS_ROOT}/Target Support Files/Pods-Voice_sns-Voice_snsUITests/Pods-Voice_sns-Voice_snsUITests-frameworks.sh\"\n";
			showEnvVarsInLog = 0;
		};
		EF51D54A1BB3E450DB7024CD /* [CP] Check Pods Manifest.lock */ = {
			isa = PBXShellScriptBuildPhase;
			buildActionMask = 2147483647;
			files = (
			);
			inputFileListPaths = (
			);
			inputPaths = (
				"${PODS_PODFILE_DIR_PATH}/Podfile.lock",
				"${PODS_ROOT}/Manifest.lock",
			);
			name = "[CP] Check Pods Manifest.lock";
			outputFileListPaths = (
			);
			outputPaths = (
				"$(DERIVED_FILE_DIR)/Pods-Voice_sns-checkManifestLockResult.txt",
			);
			runOnlyForDeploymentPostprocessing = 0;
			shellPath = /bin/sh;
			shellScript = "diff \"${PODS_PODFILE_DIR_PATH}/Podfile.lock\" \"${PODS_ROOT}/Manifest.lock\" > /dev/null\nif [ $? != 0 ] ; then\n    # print error to STDERR\n    echo \"error: The sandbox is not in sync with the Podfile.lock. Run 'pod install' or update your CocoaPods installation.\" >&2\n    exit 1\nfi\n# This output is used by Xcode 'outputs' to avoid re-running this script phase.\necho \"SUCCESS\" > \"${SCRIPT_OUTPUT_FILE_0}\"\n";
			showEnvVarsInLog = 0;
		};
		FBABFF9563D70E576ADEBE62 /* [CP] Embed Pods Frameworks */ = {
			isa = PBXShellScriptBuildPhase;
			buildActionMask = 2147483647;
			files = (
			);
			inputFileListPaths = (
				"${PODS_ROOT}/Target Support Files/Pods-Voice_sns/Pods-Voice_sns-frameworks-${CONFIGURATION}-input-files.xcfilelist",
			);
			name = "[CP] Embed Pods Frameworks";
			outputFileListPaths = (
				"${PODS_ROOT}/Target Support Files/Pods-Voice_sns/Pods-Voice_sns-frameworks-${CONFIGURATION}-output-files.xcfilelist",
			);
			runOnlyForDeploymentPostprocessing = 0;
			shellPath = /bin/sh;
			shellScript = "\"${PODS_ROOT}/Target Support Files/Pods-Voice_sns/Pods-Voice_sns-frameworks.sh\"\n";
			showEnvVarsInLog = 0;
		};
/* End PBXShellScriptBuildPhase section */

/* Begin PBXSourcesBuildPhase section */
		5A0AD782264770C100624F78 /* Sources */ = {
			isa = PBXSourcesBuildPhase;
			buildActionMask = 2147483647;
			files = (
				DA008DF8265A1F88003EA83B /* TimelineController.swift in Sources */,
				DA67B5D2267F0C0F007E2CC5 /* AudioRecoeder.swift in Sources */,
				5A0AD78E264770C100624F78 /* ViewController.swift in Sources */,
				DAFAB4B02691584A00396741 /* strage.swift in Sources */,
				DAA04D46266C5C7B002D6C36 /* AddViewController.swift in Sources */,
				DA008DFA265A202F003EA83B /* AccountViewController.swift in Sources */,
				DA008DF6265A1EED003EA83B /* AppUser.swift in Sources */,
				DAD6142B26A3E52900DF6E8D /* Postcell.swift in Sources */,
				5A0AD78A264770C100624F78 /* AppDelegate.swift in Sources */,
				DAF73E0126F6D99B00D98897 /* profile.swift in Sources */,
				DA67B5D0267EDAC4007E2CC5 /* TabViewController.swift in Sources */,
				DAD0213E26D1EA4400BD27E3 /* PostCollectionViewCell.swift in Sources */,
				5A0AD78C264770C100624F78 /* SceneDelegate.swift in Sources */,
				DA008DF4265A1D58003EA83B /* Post.swift in Sources */,
				DAB05C07266C9C60001AFFEF /* SignInViewController.swift in Sources */,
				DAA04D48266C951A002D6C36 /* SettingsViewController.swift in Sources */,
			);
			runOnlyForDeploymentPostprocessing = 0;
		};
		5A0AD798264770C300624F78 /* Sources */ = {
			isa = PBXSourcesBuildPhase;
			buildActionMask = 2147483647;
			files = (
				5A0AD7A1264770C300624F78 /* Voice_snsTests.swift in Sources */,
			);
			runOnlyForDeploymentPostprocessing = 0;
		};
		5A0AD7A3264770C300624F78 /* Sources */ = {
			isa = PBXSourcesBuildPhase;
			buildActionMask = 2147483647;
			files = (
				5A0AD7AC264770C300624F78 /* Voice_snsUITests.swift in Sources */,
			);
			runOnlyForDeploymentPostprocessing = 0;
		};
/* End PBXSourcesBuildPhase section */

/* Begin PBXTargetDependency section */
		5A0AD79E264770C300624F78 /* PBXTargetDependency */ = {
			isa = PBXTargetDependency;
			target = 5A0AD785264770C100624F78 /* Voice_sns */;
			targetProxy = 5A0AD79D264770C300624F78 /* PBXContainerItemProxy */;
		};
		5A0AD7A9264770C300624F78 /* PBXTargetDependency */ = {
			isa = PBXTargetDependency;
			target = 5A0AD785264770C100624F78 /* Voice_sns */;
			targetProxy = 5A0AD7A8264770C300624F78 /* PBXContainerItemProxy */;
		};
/* End PBXTargetDependency section */

/* Begin PBXVariantGroup section */
		5A0AD78F264770C100624F78 /* Main.storyboard */ = {
			isa = PBXVariantGroup;
			children = (
				5A0AD790264770C100624F78 /* Base */,
			);
			name = Main.storyboard;
			sourceTree = "<group>";
		};
		5A0AD794264770C300624F78 /* LaunchScreen.storyboard */ = {
			isa = PBXVariantGroup;
			children = (
				5A0AD795264770C300624F78 /* Base */,
			);
			name = LaunchScreen.storyboard;
			sourceTree = "<group>";
		};
/* End PBXVariantGroup section */

/* Begin XCBuildConfiguration section */
		5A0AD7AE264770C300624F78 /* Debug */ = {
			isa = XCBuildConfiguration;
			buildSettings = {
				ALWAYS_SEARCH_USER_PATHS = NO;
				CLANG_ANALYZER_NONNULL = YES;
				CLANG_ANALYZER_NUMBER_OBJECT_CONVERSION = YES_AGGRESSIVE;
				CLANG_CXX_LANGUAGE_STANDARD = "gnu++14";
				CLANG_CXX_LIBRARY = "libc++";
				CLANG_ENABLE_MODULES = YES;
				CLANG_ENABLE_OBJC_ARC = YES;
				CLANG_ENABLE_OBJC_WEAK = YES;
				CLANG_WARN_BLOCK_CAPTURE_AUTORELEASING = YES;
				CLANG_WARN_BOOL_CONVERSION = YES;
				CLANG_WARN_COMMA = YES;
				CLANG_WARN_CONSTANT_CONVERSION = YES;
				CLANG_WARN_DEPRECATED_OBJC_IMPLEMENTATIONS = YES;
				CLANG_WARN_DIRECT_OBJC_ISA_USAGE = YES_ERROR;
				CLANG_WARN_DOCUMENTATION_COMMENTS = YES;
				CLANG_WARN_EMPTY_BODY = YES;
				CLANG_WARN_ENUM_CONVERSION = YES;
				CLANG_WARN_INFINITE_RECURSION = YES;
				CLANG_WARN_INT_CONVERSION = YES;
				CLANG_WARN_NON_LITERAL_NULL_CONVERSION = YES;
				CLANG_WARN_OBJC_IMPLICIT_RETAIN_SELF = YES;
				CLANG_WARN_OBJC_LITERAL_CONVERSION = YES;
				CLANG_WARN_OBJC_ROOT_CLASS = YES_ERROR;
				CLANG_WARN_QUOTED_INCLUDE_IN_FRAMEWORK_HEADER = YES;
				CLANG_WARN_RANGE_LOOP_ANALYSIS = YES;
				CLANG_WARN_STRICT_PROTOTYPES = YES;
				CLANG_WARN_SUSPICIOUS_MOVE = YES;
				CLANG_WARN_UNGUARDED_AVAILABILITY = YES_AGGRESSIVE;
				CLANG_WARN_UNREACHABLE_CODE = YES;
				CLANG_WARN__DUPLICATE_METHOD_MATCH = YES;
				COPY_PHASE_STRIP = NO;
				DEBUG_INFORMATION_FORMAT = dwarf;
				ENABLE_STRICT_OBJC_MSGSEND = YES;
				ENABLE_TESTABILITY = YES;
				GCC_C_LANGUAGE_STANDARD = gnu11;
				GCC_DYNAMIC_NO_PIC = NO;
				GCC_NO_COMMON_BLOCKS = YES;
				GCC_OPTIMIZATION_LEVEL = 0;
				GCC_PREPROCESSOR_DEFINITIONS = (
					"DEBUG=1",
					"$(inherited)",
				);
				GCC_WARN_64_TO_32_BIT_CONVERSION = YES;
				GCC_WARN_ABOUT_RETURN_TYPE = YES_ERROR;
				GCC_WARN_UNDECLARED_SELECTOR = YES;
				GCC_WARN_UNINITIALIZED_AUTOS = YES_AGGRESSIVE;
				GCC_WARN_UNUSED_FUNCTION = YES;
				GCC_WARN_UNUSED_VARIABLE = YES;
				IPHONEOS_DEPLOYMENT_TARGET = 14.4;
				MTL_ENABLE_DEBUG_INFO = INCLUDE_SOURCE;
				MTL_FAST_MATH = YES;
				ONLY_ACTIVE_ARCH = YES;
				SDKROOT = iphoneos;
				SWIFT_ACTIVE_COMPILATION_CONDITIONS = DEBUG;
				SWIFT_OPTIMIZATION_LEVEL = "-Onone";
			};
			name = Debug;
		};
		5A0AD7AF264770C300624F78 /* Release */ = {
			isa = XCBuildConfiguration;
			buildSettings = {
				ALWAYS_SEARCH_USER_PATHS = NO;
				CLANG_ANALYZER_NONNULL = YES;
				CLANG_ANALYZER_NUMBER_OBJECT_CONVERSION = YES_AGGRESSIVE;
				CLANG_CXX_LANGUAGE_STANDARD = "gnu++14";
				CLANG_CXX_LIBRARY = "libc++";
				CLANG_ENABLE_MODULES = YES;
				CLANG_ENABLE_OBJC_ARC = YES;
				CLANG_ENABLE_OBJC_WEAK = YES;
				CLANG_WARN_BLOCK_CAPTURE_AUTORELEASING = YES;
				CLANG_WARN_BOOL_CONVERSION = YES;
				CLANG_WARN_COMMA = YES;
				CLANG_WARN_CONSTANT_CONVERSION = YES;
				CLANG_WARN_DEPRECATED_OBJC_IMPLEMENTATIONS = YES;
				CLANG_WARN_DIRECT_OBJC_ISA_USAGE = YES_ERROR;
				CLANG_WARN_DOCUMENTATION_COMMENTS = YES;
				CLANG_WARN_EMPTY_BODY = YES;
				CLANG_WARN_ENUM_CONVERSION = YES;
				CLANG_WARN_INFINITE_RECURSION = YES;
				CLANG_WARN_INT_CONVERSION = YES;
				CLANG_WARN_NON_LITERAL_NULL_CONVERSION = YES;
				CLANG_WARN_OBJC_IMPLICIT_RETAIN_SELF = YES;
				CLANG_WARN_OBJC_LITERAL_CONVERSION = YES;
				CLANG_WARN_OBJC_ROOT_CLASS = YES_ERROR;
				CLANG_WARN_QUOTED_INCLUDE_IN_FRAMEWORK_HEADER = YES;
				CLANG_WARN_RANGE_LOOP_ANALYSIS = YES;
				CLANG_WARN_STRICT_PROTOTYPES = YES;
				CLANG_WARN_SUSPICIOUS_MOVE = YES;
				CLANG_WARN_UNGUARDED_AVAILABILITY = YES_AGGRESSIVE;
				CLANG_WARN_UNREACHABLE_CODE = YES;
				CLANG_WARN__DUPLICATE_METHOD_MATCH = YES;
				COPY_PHASE_STRIP = NO;
				DEBUG_INFORMATION_FORMAT = "dwarf-with-dsym";
				ENABLE_NS_ASSERTIONS = NO;
				ENABLE_STRICT_OBJC_MSGSEND = YES;
				GCC_C_LANGUAGE_STANDARD = gnu11;
				GCC_NO_COMMON_BLOCKS = YES;
				GCC_WARN_64_TO_32_BIT_CONVERSION = YES;
				GCC_WARN_ABOUT_RETURN_TYPE = YES_ERROR;
				GCC_WARN_UNDECLARED_SELECTOR = YES;
				GCC_WARN_UNINITIALIZED_AUTOS = YES_AGGRESSIVE;
				GCC_WARN_UNUSED_FUNCTION = YES;
				GCC_WARN_UNUSED_VARIABLE = YES;
				IPHONEOS_DEPLOYMENT_TARGET = 14.4;
				MTL_ENABLE_DEBUG_INFO = NO;
				MTL_FAST_MATH = YES;
				SDKROOT = iphoneos;
				SWIFT_COMPILATION_MODE = wholemodule;
				SWIFT_OPTIMIZATION_LEVEL = "-O";
				VALIDATE_PRODUCT = YES;
			};
			name = Release;
		};
		5A0AD7B1264770C300624F78 /* Debug */ = {
			isa = XCBuildConfiguration;
			baseConfigurationReference = B4A6B06644D1C9BBEF7C38F0 /* Pods-Voice_sns.debug.xcconfig */;
			buildSettings = {
				ASSETCATALOG_COMPILER_APPICON_NAME = AppIcon;
				ASSETCATALOG_COMPILER_GLOBAL_ACCENT_COLOR_NAME = AccentColor;
				CODE_SIGN_STYLE = Automatic;
				DEVELOPMENT_TEAM = 47R2RGPDLK;
				INFOPLIST_FILE = Voice_sns/Info.plist;
				LD_RUNPATH_SEARCH_PATHS = (
					"$(inherited)",
					"@executable_path/Frameworks",
				);
				PRODUCT_BUNDLE_IDENTIFIER = "yuta.nishimatsu.Voice-sns";
				PRODUCT_NAME = "$(TARGET_NAME)";
				SWIFT_VERSION = 5.0;
				TARGETED_DEVICE_FAMILY = "1,2";
			};
			name = Debug;
		};
		5A0AD7B2264770C300624F78 /* Release */ = {
			isa = XCBuildConfiguration;
			baseConfigurationReference = 00B3A50E97329EE637B4D80D /* Pods-Voice_sns.release.xcconfig */;
			buildSettings = {
				ASSETCATALOG_COMPILER_APPICON_NAME = AppIcon;
				ASSETCATALOG_COMPILER_GLOBAL_ACCENT_COLOR_NAME = AccentColor;
				CODE_SIGN_STYLE = Automatic;
				DEVELOPMENT_TEAM = 47R2RGPDLK;
				INFOPLIST_FILE = Voice_sns/Info.plist;
				LD_RUNPATH_SEARCH_PATHS = (
					"$(inherited)",
					"@executable_path/Frameworks",
				);
				PRODUCT_BUNDLE_IDENTIFIER = "yuta.nishimatsu.Voice-sns";
				PRODUCT_NAME = "$(TARGET_NAME)";
				SWIFT_VERSION = 5.0;
				TARGETED_DEVICE_FAMILY = "1,2";
			};
			name = Release;
		};
		5A0AD7B4264770C300624F78 /* Debug */ = {
			isa = XCBuildConfiguration;
			baseConfigurationReference = 26EF9CFA0CAF00B52D12CA79 /* Pods-Voice_snsTests.debug.xcconfig */;
			buildSettings = {
				ALWAYS_EMBED_SWIFT_STANDARD_LIBRARIES = YES;
				BUNDLE_LOADER = "$(TEST_HOST)";
				CODE_SIGN_STYLE = Automatic;
				DEVELOPMENT_TEAM = 47R2RGPDLK;
				INFOPLIST_FILE = Voice_snsTests/Info.plist;
				IPHONEOS_DEPLOYMENT_TARGET = 14.4;
				LD_RUNPATH_SEARCH_PATHS = (
					"$(inherited)",
					"@executable_path/Frameworks",
					"@loader_path/Frameworks",
				);
				PRODUCT_BUNDLE_IDENTIFIER = "yuta.nishimatsu.Voice-snsTests";
				PRODUCT_NAME = "$(TARGET_NAME)";
				SWIFT_VERSION = 5.0;
				TARGETED_DEVICE_FAMILY = "1,2";
				TEST_HOST = "$(BUILT_PRODUCTS_DIR)/Voice_sns.app/Voice_sns";
			};
			name = Debug;
		};
		5A0AD7B5264770C300624F78 /* Release */ = {
			isa = XCBuildConfiguration;
			baseConfigurationReference = CFE435EA7405A185A871F1C7 /* Pods-Voice_snsTests.release.xcconfig */;
			buildSettings = {
				ALWAYS_EMBED_SWIFT_STANDARD_LIBRARIES = YES;
				BUNDLE_LOADER = "$(TEST_HOST)";
				CODE_SIGN_STYLE = Automatic;
				DEVELOPMENT_TEAM = 47R2RGPDLK;
				INFOPLIST_FILE = Voice_snsTests/Info.plist;
				IPHONEOS_DEPLOYMENT_TARGET = 14.4;
				LD_RUNPATH_SEARCH_PATHS = (
					"$(inherited)",
					"@executable_path/Frameworks",
					"@loader_path/Frameworks",
				);
				PRODUCT_BUNDLE_IDENTIFIER = "yuta.nishimatsu.Voice-snsTests";
				PRODUCT_NAME = "$(TARGET_NAME)";
				SWIFT_VERSION = 5.0;
				TARGETED_DEVICE_FAMILY = "1,2";
				TEST_HOST = "$(BUILT_PRODUCTS_DIR)/Voice_sns.app/Voice_sns";
			};
			name = Release;
		};
		5A0AD7B7264770C300624F78 /* Debug */ = {
			isa = XCBuildConfiguration;
			baseConfigurationReference = 6777E1033B987F217307F045 /* Pods-Voice_sns-Voice_snsUITests.debug.xcconfig */;
			buildSettings = {
				ALWAYS_EMBED_SWIFT_STANDARD_LIBRARIES = YES;
				CODE_SIGN_STYLE = Automatic;
				DEVELOPMENT_TEAM = 47R2RGPDLK;
				INFOPLIST_FILE = Voice_snsUITests/Info.plist;
				LD_RUNPATH_SEARCH_PATHS = (
					"$(inherited)",
					"@executable_path/Frameworks",
					"@loader_path/Frameworks",
				);
				PRODUCT_BUNDLE_IDENTIFIER = "yuta.nishimatsu.Voice-snsUITests";
				PRODUCT_NAME = "$(TARGET_NAME)";
				SWIFT_VERSION = 5.0;
				TARGETED_DEVICE_FAMILY = "1,2";
				TEST_TARGET_NAME = Voice_sns;
			};
			name = Debug;
		};
		5A0AD7B8264770C300624F78 /* Release */ = {
			isa = XCBuildConfiguration;
			baseConfigurationReference = D6082617D9B290917432696A /* Pods-Voice_sns-Voice_snsUITests.release.xcconfig */;
			buildSettings = {
				ALWAYS_EMBED_SWIFT_STANDARD_LIBRARIES = YES;
				CODE_SIGN_STYLE = Automatic;
				DEVELOPMENT_TEAM = 47R2RGPDLK;
				INFOPLIST_FILE = Voice_snsUITests/Info.plist;
				LD_RUNPATH_SEARCH_PATHS = (
					"$(inherited)",
					"@executable_path/Frameworks",
					"@loader_path/Frameworks",
				);
				PRODUCT_BUNDLE_IDENTIFIER = "yuta.nishimatsu.Voice-snsUITests";
				PRODUCT_NAME = "$(TARGET_NAME)";
				SWIFT_VERSION = 5.0;
				TARGETED_DEVICE_FAMILY = "1,2";
				TEST_TARGET_NAME = Voice_sns;
			};
			name = Release;
		};
/* End XCBuildConfiguration section */

/* Begin XCConfigurationList section */
		5A0AD781264770C100624F78 /* Build configuration list for PBXProject "Voice_sns" */ = {
			isa = XCConfigurationList;
			buildConfigurations = (
				5A0AD7AE264770C300624F78 /* Debug */,
				5A0AD7AF264770C300624F78 /* Release */,
			);
			defaultConfigurationIsVisible = 0;
			defaultConfigurationName = Release;
		};
		5A0AD7B0264770C300624F78 /* Build configuration list for PBXNativeTarget "Voice_sns" */ = {
			isa = XCConfigurationList;
			buildConfigurations = (
				5A0AD7B1264770C300624F78 /* Debug */,
				5A0AD7B2264770C300624F78 /* Release */,
			);
			defaultConfigurationIsVisible = 0;
			defaultConfigurationName = Release;
		};
		5A0AD7B3264770C300624F78 /* Build configuration list for PBXNativeTarget "Voice_snsTests" */ = {
			isa = XCConfigurationList;
			buildConfigurations = (
				5A0AD7B4264770C300624F78 /* Debug */,
				5A0AD7B5264770C300624F78 /* Release */,
			);
			defaultConfigurationIsVisible = 0;
			defaultConfigurationName = Release;
		};
		5A0AD7B6264770C300624F78 /* Build configuration list for PBXNativeTarget "Voice_snsUITests" */ = {
			isa = XCConfigurationList;
			buildConfigurations = (
				5A0AD7B7264770C300624F78 /* Debug */,
				5A0AD7B8264770C300624F78 /* Release */,
			);
			defaultConfigurationIsVisible = 0;
			defaultConfigurationName = Release;
		};
/* End XCConfigurationList section */
	};
	rootObject = 5A0AD77E264770C100624F78 /* Project object */;
}
